github.com/a-urth/go-bindata v0.0.0-20180209162145-df38da164efc h1:qvDfQCVOkpKM6zk8IpJANGARGmcK2hOmZfk1BYUeUsk=
github.com/a-urth/go-bindata v0.0.0-20180209162145-df38da164efc/go.mod h1:D0SbCgK4DQtSNzDQzfek273VqkCnHdFCd+q2ueHGRiE=
github.com/go-telegram-bot-api/telegram-bot-api v4.6.2+incompatible h1:tI1+S63aiYb8JDRY8WBqn7Q1Utnr09L9ga5T2VA2ZDI=
github.com/go-telegram-bot-api/telegram-bot-api v4.6.2+incompatible/go.mod h1:qf9acutJ8cwBUhm1bqgz6Bei9/C/c93FPDljKWwsOgM=
github.com/golang/freetype v0.0.0-20170609003504-e2365dfdc4a0 h1:DACJavvAHhabrF08vX0COfcOBJRhZ8lUbR+ZWIs0Y5g=
github.com/golang/freetype v0.0.0-20170609003504-e2365dfdc4a0/go.mod h1:E/TSTwGwJL78qG/PmXZO1EjYhfJinVAhrmmHX6Z8B9k=
github.com/technoweenie/multipartstreamer v1.0.1 h1:XRztA5MXiR1TIRHxH2uNxXxaIkKQDeX7m2XsSOlQEnM=
github.com/technoweenie/multipartstreamer v1.0.1/go.mod h1:jNVxdtShOxzAsukZwTSw6MDx5eUJoiEBsSvzDU9uzog=
golang.org/x/image v0.0.0-20180708004352-c73c2afc3b81 h1:00VmoueYNlNz/aHIilyyQz/MHSqGoWJzpFv/HW8xpzI=
golang.org/x/image v0.0.0-20180708004352-c73c2afc3b81/go.mod h1:ux5Hcp/YLpHSI86hEcLt0YII63i6oz57MZXIpbrjZUs=
gopkg.in/telegram-bot-api.v4 v4.6.2 h1:oUu8dyT/KzUWusD3OiPWTLoFM6n9uskQlW1GLoxjQcE=
gopkg.in/telegram-bot-api.v4 v4.6.2/go.mod h1:5DpGO5dbumb40px+dXcwCpcjmeHNYLpk0bp3XRNvWDM=
